// !$*UTF8*$!
{
	archiveVersion = 1;
	classes = {
	};
	objectVersion = 50;
	objects = {

/* Begin PBXBuildFile section */
		566CF2FF24D0150800396693 /* AppDelegate.swift in Sources */ = {isa = PBXBuildFile; fileRef = 566CF2FE24D0150800396693 /* AppDelegate.swift */; };
		566CF30124D0150800396693 /* SceneDelegate.swift in Sources */ = {isa = PBXBuildFile; fileRef = 566CF30024D0150800396693 /* SceneDelegate.swift */; };
		566CF30324D0150800396693 /* MainViewController.swift in Sources */ = {isa = PBXBuildFile; fileRef = 566CF30224D0150800396693 /* MainViewController.swift */; };
		566CF30624D0150800396693 /* Main.storyboard in Resources */ = {isa = PBXBuildFile; fileRef = 566CF30424D0150800396693 /* Main.storyboard */; };
		566CF30824D0150A00396693 /* Assets.xcassets in Resources */ = {isa = PBXBuildFile; fileRef = 566CF30724D0150A00396693 /* Assets.xcassets */; };
		566CF30B24D0150A00396693 /* LaunchScreen.storyboard in Resources */ = {isa = PBXBuildFile; fileRef = 566CF30924D0150A00396693 /* LaunchScreen.storyboard */; };
		566CF31724D0185C00396693 /* Response.swift in Sources */ = {isa = PBXBuildFile; fileRef = 566CF31624D0185C00396693 /* Response.swift */; };
		5697E4A024D0489000B211EA /* Indefinite.swift in Sources */ = {isa = PBXBuildFile; fileRef = 5697E49F24D0489000B211EA /* Indefinite.swift */; };
		5697E4A224D048B200B211EA /* Picture.swift in Sources */ = {isa = PBXBuildFile; fileRef = 5697E4A124D048B200B211EA /* Picture.swift */; };
		5697E4A424D048D500B211EA /* Selector.swift in Sources */ = {isa = PBXBuildFile; fileRef = 5697E4A324D048D500B211EA /* Selector.swift */; };
		5697E4A624D04A1600B211EA /* SelestorVariant.swift in Sources */ = {isa = PBXBuildFile; fileRef = 5697E4A524D04A1600B211EA /* SelestorVariant.swift */; };
		5697E4A824D04A9A00B211EA /* Content.swift in Sources */ = {isa = PBXBuildFile; fileRef = 5697E4A724D04A9A00B211EA /* Content.swift */; };
		5697E4AA24D04C5700B211EA /* ContentData.swift in Sources */ = {isa = PBXBuildFile; fileRef = 5697E4A924D04C5700B211EA /* ContentData.swift */; };
		5697E4AD24D04DBA00B211EA /* PryanikyNetworkService.swift in Sources */ = {isa = PBXBuildFile; fileRef = 5697E4AC24D04DBA00B211EA /* PryanikyNetworkService.swift */; };
		5697E4B124D0629700B211EA /* NetworkResponseError.swift in Sources */ = {isa = PBXBuildFile; fileRef = 5697E4B024D0629700B211EA /* NetworkResponseError.swift */; };
		5697E4B324D0695A00B211EA /* MainPresenter.swift in Sources */ = {isa = PBXBuildFile; fileRef = 5697E4B224D0695A00B211EA /* MainPresenter.swift */; };
		5697E4B524D069B500B211EA /* MainView.swift in Sources */ = {isa = PBXBuildFile; fileRef = 5697E4B424D069B500B211EA /* MainView.swift */; };
		5697E4B924D071B200B211EA /* AppCoordinator.swift in Sources */ = {isa = PBXBuildFile; fileRef = 5697E4B824D071B200B211EA /* AppCoordinator.swift */; };
		5697E4BC24D0748300B211EA /* MainCoordinator.swift in Sources */ = {isa = PBXBuildFile; fileRef = 5697E4BB24D0748300B211EA /* MainCoordinator.swift */; };
		5697E4BF24D0771200B211EA /* UIStoryboard+instantiateVC.swift in Sources */ = {isa = PBXBuildFile; fileRef = 5697E4BE24D0771200B211EA /* UIStoryboard+instantiateVC.swift */; };
/* End PBXBuildFile section */

/* Begin PBXFileReference section */
		566CF2FB24D0150800396693 /* PryanikyTest.app */ = {isa = PBXFileReference; explicitFileType = wrapper.application; includeInIndex = 0; path = PryanikyTest.app; sourceTree = BUILT_PRODUCTS_DIR; };
		566CF2FE24D0150800396693 /* AppDelegate.swift */ = {isa = PBXFileReference; lastKnownFileType = sourcecode.swift; path = AppDelegate.swift; sourceTree = "<group>"; };
		566CF30024D0150800396693 /* SceneDelegate.swift */ = {isa = PBXFileReference; lastKnownFileType = sourcecode.swift; path = SceneDelegate.swift; sourceTree = "<group>"; };
		566CF30224D0150800396693 /* MainViewController.swift */ = {isa = PBXFileReference; lastKnownFileType = sourcecode.swift; path = MainViewController.swift; sourceTree = "<group>"; };
		566CF30524D0150800396693 /* Base */ = {isa = PBXFileReference; lastKnownFileType = file.storyboard; name = Base; path = Base.lproj/Main.storyboard; sourceTree = "<group>"; };
		566CF30724D0150A00396693 /* Assets.xcassets */ = {isa = PBXFileReference; lastKnownFileType = folder.assetcatalog; path = Assets.xcassets; sourceTree = "<group>"; };
		566CF30A24D0150A00396693 /* Base */ = {isa = PBXFileReference; lastKnownFileType = file.storyboard; name = Base; path = Base.lproj/LaunchScreen.storyboard; sourceTree = "<group>"; };
		566CF30C24D0150A00396693 /* Info.plist */ = {isa = PBXFileReference; lastKnownFileType = text.plist.xml; path = Info.plist; sourceTree = "<group>"; };
		566CF31624D0185C00396693 /* Response.swift */ = {isa = PBXFileReference; lastKnownFileType = sourcecode.swift; path = Response.swift; sourceTree = "<group>"; };
		5697E49F24D0489000B211EA /* Indefinite.swift */ = {isa = PBXFileReference; lastKnownFileType = sourcecode.swift; path = Indefinite.swift; sourceTree = "<group>"; };
		5697E4A124D048B200B211EA /* Picture.swift */ = {isa = PBXFileReference; lastKnownFileType = sourcecode.swift; path = Picture.swift; sourceTree = "<group>"; };
		5697E4A324D048D500B211EA /* Selector.swift */ = {isa = PBXFileReference; lastKnownFileType = sourcecode.swift; path = Selector.swift; sourceTree = "<group>"; };
		5697E4A524D04A1600B211EA /* SelestorVariant.swift */ = {isa = PBXFileReference; lastKnownFileType = sourcecode.swift; path = SelestorVariant.swift; sourceTree = "<group>"; };
		5697E4A724D04A9A00B211EA /* Content.swift */ = {isa = PBXFileReference; lastKnownFileType = sourcecode.swift; path = Content.swift; sourceTree = "<group>"; };
		5697E4A924D04C5700B211EA /* ContentData.swift */ = {isa = PBXFileReference; lastKnownFileType = sourcecode.swift; path = ContentData.swift; sourceTree = "<group>"; };
		5697E4AC24D04DBA00B211EA /* PryanikyNetworkService.swift */ = {isa = PBXFileReference; lastKnownFileType = sourcecode.swift; path = PryanikyNetworkService.swift; sourceTree = "<group>"; };
		5697E4B024D0629700B211EA /* NetworkResponseError.swift */ = {isa = PBXFileReference; lastKnownFileType = sourcecode.swift; path = NetworkResponseError.swift; sourceTree = "<group>"; };
		5697E4B224D0695A00B211EA /* MainPresenter.swift */ = {isa = PBXFileReference; lastKnownFileType = sourcecode.swift; path = MainPresenter.swift; sourceTree = "<group>"; };
		5697E4B424D069B500B211EA /* MainView.swift */ = {isa = PBXFileReference; lastKnownFileType = sourcecode.swift; path = MainView.swift; sourceTree = "<group>"; };
		5697E4B824D071B200B211EA /* AppCoordinator.swift */ = {isa = PBXFileReference; lastKnownFileType = sourcecode.swift; path = AppCoordinator.swift; sourceTree = "<group>"; };
		5697E4BB24D0748300B211EA /* MainCoordinator.swift */ = {isa = PBXFileReference; lastKnownFileType = sourcecode.swift; path = MainCoordinator.swift; sourceTree = "<group>"; };
		5697E4BE24D0771200B211EA /* UIStoryboard+instantiateVC.swift */ = {isa = PBXFileReference; lastKnownFileType = sourcecode.swift; path = "UIStoryboard+instantiateVC.swift"; sourceTree = "<group>"; };
/* End PBXFileReference section */

/* Begin PBXFrameworksBuildPhase section */
		566CF2F824D0150800396693 /* Frameworks */ = {
			isa = PBXFrameworksBuildPhase;
			buildActionMask = 2147483647;
			files = (
			);
			runOnlyForDeploymentPostprocessing = 0;
		};
/* End PBXFrameworksBuildPhase section */

/* Begin PBXGroup section */
		566CF2F224D0150800396693 = {
			isa = PBXGroup;
			children = (
				566CF2FD24D0150800396693 /* PryanikyTest */,
				566CF2FC24D0150800396693 /* Products */,
			);
			sourceTree = "<group>";
		};
		566CF2FC24D0150800396693 /* Products */ = {
			isa = PBXGroup;
			children = (
				566CF2FB24D0150800396693 /* PryanikyTest.app */,
			);
			name = Products;
			sourceTree = "<group>";
		};
		566CF2FD24D0150800396693 /* PryanikyTest */ = {
			isa = PBXGroup;
			children = (
				566CF31324D0165F00396693 /* Application */,
				5697E4BA24D0730B00B211EA /* AppCoordinator */,
				5697E4AE24D0627600B211EA /* Base */,
				5697E4BD24D076D900B211EA /* Extentions */,
				5697E4AB24D04D5F00B211EA /* Services */,
				566CF31524D0184200396693 /* Models */,
				566CF31424D0169500396693 /* Screens */,
				566CF30424D0150800396693 /* Main.storyboard */,
				566CF30924D0150A00396693 /* LaunchScreen.storyboard */,
				566CF31224D0163A00396693 /* Resources */,
			);
			path = PryanikyTest;
			sourceTree = "<group>";
		};
		566CF31224D0163A00396693 /* Resources */ = {
			isa = PBXGroup;
			children = (
				566CF30724D0150A00396693 /* Assets.xcassets */,
				566CF30C24D0150A00396693 /* Info.plist */,
			);
			path = Resources;
			sourceTree = "<group>";
		};
		566CF31324D0165F00396693 /* Application */ = {
			isa = PBXGroup;
			children = (
				566CF2FE24D0150800396693 /* AppDelegate.swift */,
				566CF30024D0150800396693 /* SceneDelegate.swift */,
			);
			path = Application;
			sourceTree = "<group>";
		};
		566CF31424D0169500396693 /* Screens */ = {
			isa = PBXGroup;
			children = (
				566CF30224D0150800396693 /* MainViewController.swift */,
				5697E4B424D069B500B211EA /* MainView.swift */,
				5697E4B224D0695A00B211EA /* MainPresenter.swift */,
				5697E4BB24D0748300B211EA /* MainCoordinator.swift */,
			);
			path = Screens;
			sourceTree = "<group>";
		};
		566CF31524D0184200396693 /* Models */ = {
			isa = PBXGroup;
			children = (
				5697E4A324D048D500B211EA /* Selector.swift */,
				5697E4A524D04A1600B211EA /* SelestorVariant.swift */,
				5697E4A124D048B200B211EA /* Picture.swift */,
				5697E49F24D0489000B211EA /* Indefinite.swift */,
				5697E49E24D0478100B211EA /* ResponseModels */,
			);
			path = Models;
			sourceTree = "<group>";
		};
		5697E49E24D0478100B211EA /* ResponseModels */ = {
			isa = PBXGroup;
			children = (
				566CF31624D0185C00396693 /* Response.swift */,
				5697E4A724D04A9A00B211EA /* Content.swift */,
				5697E4A924D04C5700B211EA /* ContentData.swift */,
			);
			path = ResponseModels;
			sourceTree = "<group>";
		};
		5697E4AB24D04D5F00B211EA /* Services */ = {
			isa = PBXGroup;
			children = (
				5697E4AC24D04DBA00B211EA /* PryanikyNetworkService.swift */,
			);
			path = Services;
			sourceTree = "<group>";
		};
		5697E4AE24D0627600B211EA /* Base */ = {
			isa = PBXGroup;
			children = (
				5697E4AF24D0628200B211EA /* Enums */,
			);
			path = Base;
			sourceTree = "<group>";
		};
		5697E4AF24D0628200B211EA /* Enums */ = {
			isa = PBXGroup;
			children = (
				5697E4B024D0629700B211EA /* NetworkResponseError.swift */,
			);
			path = Enums;
			sourceTree = "<group>";
		};
		5697E4BA24D0730B00B211EA /* AppCoordinator */ = {
			isa = PBXGroup;
			children = (
				5697E4B824D071B200B211EA /* AppCoordinator.swift */,
			);
			path = AppCoordinator;
			sourceTree = "<group>";
		};
		5697E4BD24D076D900B211EA /* Extentions */ = {
			isa = PBXGroup;
			children = (
				5697E4BE24D0771200B211EA /* UIStoryboard+instantiateVC.swift */,
			);
			path = Extentions;
			sourceTree = "<group>";
		};
/* End PBXGroup section */

/* Begin PBXNativeTarget section */
		566CF2FA24D0150800396693 /* PryanikyTest */ = {
			isa = PBXNativeTarget;
			buildConfigurationList = 566CF30F24D0150A00396693 /* Build configuration list for PBXNativeTarget "PryanikyTest" */;
			buildPhases = (
				566CF2F724D0150800396693 /* Sources */,
				566CF2F824D0150800396693 /* Frameworks */,
				566CF2F924D0150800396693 /* Resources */,
			);
			buildRules = (
			);
			dependencies = (
			);
			name = PryanikyTest;
			productName = PryanikyTest;
			productReference = 566CF2FB24D0150800396693 /* PryanikyTest.app */;
			productType = "com.apple.product-type.application";
		};
/* End PBXNativeTarget section */

/* Begin PBXProject section */
		566CF2F324D0150800396693 /* Project object */ = {
			isa = PBXProject;
			attributes = {
				LastSwiftUpdateCheck = 1150;
				LastUpgradeCheck = 1150;
				ORGANIZATIONNAME = GermanyHome;
				TargetAttributes = {
					566CF2FA24D0150800396693 = {
						CreatedOnToolsVersion = 11.5;
					};
				};
			};
			buildConfigurationList = 566CF2F624D0150800396693 /* Build configuration list for PBXProject "PryanikyTest" */;
			compatibilityVersion = "Xcode 9.3";
			developmentRegion = en;
			hasScannedForEncodings = 0;
			knownRegions = (
				en,
				Base,
			);
			mainGroup = 566CF2F224D0150800396693;
			productRefGroup = 566CF2FC24D0150800396693 /* Products */;
			projectDirPath = "";
			projectRoot = "";
			targets = (
				566CF2FA24D0150800396693 /* PryanikyTest */,
			);
		};
/* End PBXProject section */

/* Begin PBXResourcesBuildPhase section */
		566CF2F924D0150800396693 /* Resources */ = {
			isa = PBXResourcesBuildPhase;
			buildActionMask = 2147483647;
			files = (
				566CF30B24D0150A00396693 /* LaunchScreen.storyboard in Resources */,
				566CF30824D0150A00396693 /* Assets.xcassets in Resources */,
				566CF30624D0150800396693 /* Main.storyboard in Resources */,
			);
			runOnlyForDeploymentPostprocessing = 0;
		};
/* End PBXResourcesBuildPhase section */

/* Begin PBXSourcesBuildPhase section */
		566CF2F724D0150800396693 /* Sources */ = {
			isa = PBXSourcesBuildPhase;
			buildActionMask = 2147483647;
			files = (
				5697E4BC24D0748300B211EA /* MainCoordinator.swift in Sources */,
				5697E4B124D0629700B211EA /* NetworkResponseError.swift in Sources */,
				5697E4B524D069B500B211EA /* MainView.swift in Sources */,
				5697E4AD24D04DBA00B211EA /* PryanikyNetworkService.swift in Sources */,
				5697E4B924D071B200B211EA /* AppCoordinator.swift in Sources */,
				5697E4A224D048B200B211EA /* Picture.swift in Sources */,
				5697E4AA24D04C5700B211EA /* ContentData.swift in Sources */,
				566CF30324D0150800396693 /* MainViewController.swift in Sources */,
				566CF2FF24D0150800396693 /* AppDelegate.swift in Sources */,
				5697E4B324D0695A00B211EA /* MainPresenter.swift in Sources */,
				5697E4BF24D0771200B211EA /* UIStoryboard+instantiateVC.swift in Sources */,
				566CF30124D0150800396693 /* SceneDelegate.swift in Sources */,
				5697E4A024D0489000B211EA /* Indefinite.swift in Sources */,
				5697E4A824D04A9A00B211EA /* Content.swift in Sources */,
				566CF31724D0185C00396693 /* Response.swift in Sources */,
				5697E4A624D04A1600B211EA /* SelestorVariant.swift in Sources */,
				5697E4A424D048D500B211EA /* Selector.swift in Sources */,
			);
			runOnlyForDeploymentPostprocessing = 0;
		};
/* End PBXSourcesBuildPhase section */

/* Begin PBXVariantGroup section */
		566CF30424D0150800396693 /* Main.storyboard */ = {
			isa = PBXVariantGroup;
			children = (
				566CF30524D0150800396693 /* Base */,
			);
			name = Main.storyboard;
			sourceTree = "<group>";
		};
		566CF30924D0150A00396693 /* LaunchScreen.storyboard */ = {
			isa = PBXVariantGroup;
			children = (
				566CF30A24D0150A00396693 /* Base */,
			);
			name = LaunchScreen.storyboard;
			sourceTree = "<group>";
		};
/* End PBXVariantGroup section */

/* Begin XCBuildConfiguration section */
		566CF30D24D0150A00396693 /* Debug */ = {
			isa = XCBuildConfiguration;
			buildSettings = {
				ALWAYS_SEARCH_USER_PATHS = NO;
				CLANG_ANALYZER_NONNULL = YES;
				CLANG_ANALYZER_NUMBER_OBJECT_CONVERSION = YES_AGGRESSIVE;
				CLANG_CXX_LANGUAGE_STANDARD = "gnu++14";
				CLANG_CXX_LIBRARY = "libc++";
				CLANG_ENABLE_MODULES = YES;
				CLANG_ENABLE_OBJC_ARC = YES;
				CLANG_ENABLE_OBJC_WEAK = YES;
				CLANG_WARN_BLOCK_CAPTURE_AUTORELEASING = YES;
				CLANG_WARN_BOOL_CONVERSION = YES;
				CLANG_WARN_COMMA = YES;
				CLANG_WARN_CONSTANT_CONVERSION = YES;
				CLANG_WARN_DEPRECATED_OBJC_IMPLEMENTATIONS = YES;
				CLANG_WARN_DIRECT_OBJC_ISA_USAGE = YES_ERROR;
				CLANG_WARN_DOCUMENTATION_COMMENTS = YES;
				CLANG_WARN_EMPTY_BODY = YES;
				CLANG_WARN_ENUM_CONVERSION = YES;
				CLANG_WARN_INFINITE_RECURSION = YES;
				CLANG_WARN_INT_CONVERSION = YES;
				CLANG_WARN_NON_LITERAL_NULL_CONVERSION = YES;
				CLANG_WARN_OBJC_IMPLICIT_RETAIN_SELF = YES;
				CLANG_WARN_OBJC_LITERAL_CONVERSION = YES;
				CLANG_WARN_OBJC_ROOT_CLASS = YES_ERROR;
				CLANG_WARN_RANGE_LOOP_ANALYSIS = YES;
				CLANG_WARN_STRICT_PROTOTYPES = YES;
				CLANG_WARN_SUSPICIOUS_MOVE = YES;
				CLANG_WARN_UNGUARDED_AVAILABILITY = YES_AGGRESSIVE;
				CLANG_WARN_UNREACHABLE_CODE = YES;
				CLANG_WARN__DUPLICATE_METHOD_MATCH = YES;
				COPY_PHASE_STRIP = NO;
				DEBUG_INFORMATION_FORMAT = dwarf;
				ENABLE_STRICT_OBJC_MSGSEND = YES;
				ENABLE_TESTABILITY = YES;
				GCC_C_LANGUAGE_STANDARD = gnu11;
				GCC_DYNAMIC_NO_PIC = NO;
				GCC_NO_COMMON_BLOCKS = YES;
				GCC_OPTIMIZATION_LEVEL = 0;
				GCC_PREPROCESSOR_DEFINITIONS = (
					"DEBUG=1",
					"$(inherited)",
				);
				GCC_WARN_64_TO_32_BIT_CONVERSION = YES;
				GCC_WARN_ABOUT_RETURN_TYPE = YES_ERROR;
				GCC_WARN_UNDECLARED_SELECTOR = YES;
				GCC_WARN_UNINITIALIZED_AUTOS = YES_AGGRESSIVE;
				GCC_WARN_UNUSED_FUNCTION = YES;
				GCC_WARN_UNUSED_VARIABLE = YES;
				IPHONEOS_DEPLOYMENT_TARGET = 13.5;
				MTL_ENABLE_DEBUG_INFO = INCLUDE_SOURCE;
				MTL_FAST_MATH = YES;
				ONLY_ACTIVE_ARCH = YES;
				SDKROOT = iphoneos;
				SWIFT_ACTIVE_COMPILATION_CONDITIONS = DEBUG;
				SWIFT_OPTIMIZATION_LEVEL = "-Onone";
			};
			name = Debug;
		};
		566CF30E24D0150A00396693 /* Release */ = {
			isa = XCBuildConfiguration;
			buildSettings = {
				ALWAYS_SEARCH_USER_PATHS = NO;
				CLANG_ANALYZER_NONNULL = YES;
				CLANG_ANALYZER_NUMBER_OBJECT_CONVERSION = YES_AGGRESSIVE;
				CLANG_CXX_LANGUAGE_STANDARD = "gnu++14";
				CLANG_CXX_LIBRARY = "libc++";
				CLANG_ENABLE_MODULES = YES;
				CLANG_ENABLE_OBJC_ARC = YES;
				CLANG_ENABLE_OBJC_WEAK = YES;
				CLANG_WARN_BLOCK_CAPTURE_AUTORELEASING = YES;
				CLANG_WARN_BOOL_CONVERSION = YES;
				CLANG_WARN_COMMA = YES;
				CLANG_WARN_CONSTANT_CONVERSION = YES;
				CLANG_WARN_DEPRECATED_OBJC_IMPLEMENTATIONS = YES;
				CLANG_WARN_DIRECT_OBJC_ISA_USAGE = YES_ERROR;
				CLANG_WARN_DOCUMENTATION_COMMENTS = YES;
				CLANG_WARN_EMPTY_BODY = YES;
				CLANG_WARN_ENUM_CONVERSION = YES;
				CLANG_WARN_INFINITE_RECURSION = YES;
				CLANG_WARN_INT_CONVERSION = YES;
				CLANG_WARN_NON_LITERAL_NULL_CONVERSION = YES;
				CLANG_WARN_OBJC_IMPLICIT_RETAIN_SELF = YES;
				CLANG_WARN_OBJC_LITERAL_CONVERSION = YES;
				CLANG_WARN_OBJC_ROOT_CLASS = YES_ERROR;
				CLANG_WARN_RANGE_LOOP_ANALYSIS = YES;
				CLANG_WARN_STRICT_PROTOTYPES = YES;
				CLANG_WARN_SUSPICIOUS_MOVE = YES;
				CLANG_WARN_UNGUARDED_AVAILABILITY = YES_AGGRESSIVE;
				CLANG_WARN_UNREACHABLE_CODE = YES;
				CLANG_WARN__DUPLICATE_METHOD_MATCH = YES;
				COPY_PHASE_STRIP = NO;
				DEBUG_INFORMATION_FORMAT = "dwarf-with-dsym";
				ENABLE_NS_ASSERTIONS = NO;
				ENABLE_STRICT_OBJC_MSGSEND = YES;
				GCC_C_LANGUAGE_STANDARD = gnu11;
				GCC_NO_COMMON_BLOCKS = YES;
				GCC_WARN_64_TO_32_BIT_CONVERSION = YES;
				GCC_WARN_ABOUT_RETURN_TYPE = YES_ERROR;
				GCC_WARN_UNDECLARED_SELECTOR = YES;
				GCC_WARN_UNINITIALIZED_AUTOS = YES_AGGRESSIVE;
				GCC_WARN_UNUSED_FUNCTION = YES;
				GCC_WARN_UNUSED_VARIABLE = YES;
				IPHONEOS_DEPLOYMENT_TARGET = 13.5;
				MTL_ENABLE_DEBUG_INFO = NO;
				MTL_FAST_MATH = YES;
				SDKROOT = iphoneos;
				SWIFT_COMPILATION_MODE = wholemodule;
				SWIFT_OPTIMIZATION_LEVEL = "-O";
				VALIDATE_PRODUCT = YES;
			};
			name = Release;
		};
		566CF31024D0150A00396693 /* Debug */ = {
			isa = XCBuildConfiguration;
			buildSettings = {
				ASSETCATALOG_COMPILER_APPICON_NAME = AppIcon;
				CODE_SIGN_STYLE = Automatic;
				DEVELOPMENT_TEAM = VL3SPLW988;
				INFOPLIST_FILE = PryanikyTest/Resources/Info.plist;
				LD_RUNPATH_SEARCH_PATHS = (
					"$(inherited)",
					"@executable_path/Frameworks",
				);
				PRODUCT_BUNDLE_IDENTIFIER = ru.home.stasyhard.PryanikyTest;
				PRODUCT_NAME = "$(TARGET_NAME)";
				SWIFT_VERSION = 5.0;
				TARGETED_DEVICE_FAMILY = "1,2";
			};
			name = Debug;
		};
		566CF31124D0150A00396693 /* Release */ = {
			isa = XCBuildConfiguration;
			buildSettings = {
				ASSETCATALOG_COMPILER_APPICON_NAME = AppIcon;
				CODE_SIGN_STYLE = Automatic;
				DEVELOPMENT_TEAM = VL3SPLW988;
				INFOPLIST_FILE = PryanikyTest/Resources/Info.plist;
				LD_RUNPATH_SEARCH_PATHS = (
					"$(inherited)",
					"@executable_path/Frameworks",
				);
				PRODUCT_BUNDLE_IDENTIFIER = ru.home.stasyhard.PryanikyTest;
				PRODUCT_NAME = "$(TARGET_NAME)";
				SWIFT_VERSION = 5.0;
				TARGETED_DEVICE_FAMILY = "1,2";
			};
			name = Release;
		};
/* End XCBuildConfiguration section */

/* Begin XCConfigurationList section */
		566CF2F624D0150800396693 /* Build configuration list for PBXProject "PryanikyTest" */ = {
			isa = XCConfigurationList;
			buildConfigurations = (
				566CF30D24D0150A00396693 /* Debug */,
				566CF30E24D0150A00396693 /* Release */,
			);
			defaultConfigurationIsVisible = 0;
			defaultConfigurationName = Release;
		};
		566CF30F24D0150A00396693 /* Build configuration list for PBXNativeTarget "PryanikyTest" */ = {
			isa = XCConfigurationList;
			buildConfigurations = (
				566CF31024D0150A00396693 /* Debug */,
				566CF31124D0150A00396693 /* Release */,
			);
			defaultConfigurationIsVisible = 0;
			defaultConfigurationName = Release;
		};
/* End XCConfigurationList section */
	};
	rootObject = 566CF2F324D0150800396693 /* Project object */;
}
